<?xml version="1.0" encoding="utf-8"?>
<Project ToolsVersion="4.0" xmlns="http://schemas.microsoft.com/developer/msbuild/2003">
  <ItemGroup>
    <Filter Include="Source Files">
      <UniqueIdentifier>{4FC737F1-C7A5-4376-A066-2A32D752A2FF}</UniqueIdentifier>
      <Extensions>cpp;c;cc;cxx;def;odl;idl;hpj;bat;asm;asmx</Extensions>
    </Filter>
    <Filter Include="Header Files">
      <UniqueIdentifier>{93995380-89BD-4b04-88EB-625FBE52EBFB}</UniqueIdentifier>
      <Extensions>h;hh;hpp;hxx;hm;inl;inc;ipp;xsd</Extensions>
    </Filter>
    <Filter Include="Resource Files">
      <UniqueIdentifier>{67DA6AB6-F800-4c08-8B7A-83BB121AAD01}</UniqueIdentifier>
      <Extensions>rc;ico;cur;bmp;dlg;rc2;rct;bin;rgs;gif;jpg;jpeg;jpe;resx;tiff;tif;png;wav;mfcribbon-ms</Extensions>
    </Filter>
  </ItemGroup>
  <ItemGroup>
    <ClCompile Include="E:\test\000\001\443\badfree_002.cc">
      <Filter>Source Files</Filter>
    </ClCompile>
    <ClCompile Include="E:\test\000\001\444\badfree_007.c">
      <Filter>Source Files</Filter>
    </ClCompile>
    <ClCompile Include="E:\test\000\001\445\badfree_012.c">
      <Filter>Source Files</Filter>
    </ClCompile>
    <ClCompile Include="E:\test\000\001\446\badfree_013.c">
      <Filter>Source Files</Filter>
    </ClCompile>
    <ClCompile Include="E:\test\000\001\447\badfree_023.c">
      <Filter>Source Files</Filter>
    </ClCompile>
    <ClCompile Include="E:\test\000\001\448\badfree_024.c">
      <Filter>Source Files</Filter>
    </ClCompile>
    <ClCompile Include="E:\test\000\001\449\ipar_007.c">
      <Filter>Source Files</Filter>
    </ClCompile>
    <ClCompile Include="E:\test\000\001\450\ipar_008.c">
      <Filter>Source Files</Filter>
    </ClCompile>
    <ClCompile Include="E:\test\000\001\451\ipar_009.c">
      <Filter>Source Files</Filter>
    </ClCompile>
    <ClCompile Include="E:\test\000\001\452\ipar_010.c">
      <Filter>Source Files</Filter>
    </ClCompile>
    <ClCompile Include="E:\test\000\001\453\ipar_011.c">
      <Filter>Source Files</Filter>
    </ClCompile>
    <ClCompile Include="E:\test\000\001\454\ipar_012.c">
      <Filter>Source Files</Filter>
    </ClCompile>
    <ClCompile Include="E:\test\000\001\457\memoryleak_001.c">
      <Filter>Source Files</Filter>
    </ClCompile>
    <ClCompile Include="E:\test\000\001\458\memoryleak_002.c">
      <Filter>Source Files</Filter>
    </ClCompile>
    <ClCompile Include="E:\test\000\001\459\memoryleak_006.c">
      <Filter>Source Files</Filter>
    </ClCompile>
    <ClCompile Include="E:\test\000\001\460\memoryleak_009.c">
      <Filter>Source Files</Filter>
    </ClCompile>
    <ClCompile Include="E:\test\000\001\461\memoryleak_020.c">
      <Filter>Source Files</Filter>
    </ClCompile>
    <ClCompile Include="E:\test\000\001\462\memoryleak_028.c">
      <Filter>Source Files</Filter>
    </ClCompile>
    <ClCompile Include="E:\test\000\001\463\memoryleak_058.c">
      <Filter>Source Files</Filter>
    </ClCompile>
    <ClCompile Include="E:\test\000\001\464\memoryleak_061.c">
      <Filter>Source Files</Filter>
    </ClCompile>
    <ClCompile Include="E:\test\000\001\465\uninit_002.c">
      <Filter>Source Files</Filter>
    </ClCompile>
    <ClCompile Include="E:\test\000\001\466\uninit_006.c">
      <Filter>Source Files</Filter>
    </ClCompile>
    <ClCompile Include="E:\test\000\001\467\uninit_011.c">
      <Filter>Source Files</Filter>
    </ClCompile>
    <ClCompile Include="E:\test\000\001\468\uninit_014.c">
      <Filter>Source Files</Filter>
    </ClCompile>
    <ClCompile Include="E:\test\000\001\469\uninit_015.c">
      <Filter>Source Files</Filter>
    </ClCompile>
    <ClCompile Include="E:\test\000\001\470\uninit_018.c">
      <Filter>Source Files</Filter>
    </ClCompile>
    <ClCompile Include="E:\test\000\001\471\uninit_906.c">
      <Filter>Source Files</Filter>
    </ClCompile>
    <ClCompile Include="E:\test\000\001\472\uninit_909.c">
      <Filter>Source Files</Filter>
    </ClCompile>
    <ClCompile Include="E:\test\000\001\473\useafterfree_001.c">
      <Filter>Source Files</Filter>
    </ClCompile>
    <ClCompile Include="E:\test\000\001\474\useafterfree_014.c">
      <Filter>Source Files</Filter>
    </ClCompile>
    <ClCompile Include="E:\test\000\001\475\useafterfree_005.c">
      <Filter>Source Files</Filter>
    </ClCompile>
    <ClCompile Include="E:\test\000\001\476\useafterfree_014.c">
      <Filter>Source Files</Filter>
    </ClCompile>
    <ClCompile Include="E:\test\000\001\477\useafterfree_016.c">
      <Filter>Source Files</Filter>
    </ClCompile>
    <ClCompile Include="E:\test\000\001\478\useafterfree_018.c">
      <Filter>Source Files</Filter>
    </ClCompile>
    <ClCompile Include="E:\test\000\001\479\useafterfree_019.c">
      <Filter>Source Files</Filter>
    </ClCompile>
    <ClCompile Include="E:\test\000\001\480\useafterfree_020.c">
      <Filter>Source Files</Filter>
    </ClCompile>
    <ClCompile Include="E:\test\000\001\481\useafterfree_021.c">
      <Filter>Source Files</Filter>
    </ClCompile>
    <ClCompile Include="E:\test\000\001\482\useafterfree_023.c">
      <Filter>Source Files</Filter>
    </ClCompile>
    <ClCompile Include="E:\test\000\001\483\useafterfree_905.c">
      <Filter>Source Files</Filter>
    </ClCompile>
    <ClCompile Include="E:\test\000\002\077\ipar_013.c">
      <Filter>Source Files</Filter>
    </ClCompile>
    <ClCompile Include="E:\test\000\002\078\ipar_014.c">
      <Filter>Source Files</Filter>
    </ClCompile>
  </ItemGroup>
</Project>